// !$*UTF8*$!
{
	archiveVersion = 1;
	classes = {
	};
	objectVersion = 46;
	objects = {

/* Begin PBXBuildFile section */
		3826D1F71EFEF02C00F3632A /* AppDelegate.swift in Sources */ = {isa = PBXBuildFile; fileRef = 3826D1F61EFEF02C00F3632A /* AppDelegate.swift */; };
		3826D1FC1EFEF02C00F3632A /* Main.storyboard in Resources */ = {isa = PBXBuildFile; fileRef = 3826D1FA1EFEF02C00F3632A /* Main.storyboard */; };
		3826D1FE1EFEF02C00F3632A /* Assets.xcassets in Resources */ = {isa = PBXBuildFile; fileRef = 3826D1FD1EFEF02C00F3632A /* Assets.xcassets */; };
		3826D2011EFEF02C00F3632A /* LaunchScreen.storyboard in Resources */ = {isa = PBXBuildFile; fileRef = 3826D1FF1EFEF02C00F3632A /* LaunchScreen.storyboard */; };
		3826D20F1EFEFED300F3632A /* MainVC.swift in Sources */ = {isa = PBXBuildFile; fileRef = 3826D20E1EFEFED300F3632A /* MainVC.swift */; };
		3826D2111EFF388200F3632A /* DropShadow.swift in Sources */ = {isa = PBXBuildFile; fileRef = 3826D2101EFF388100F3632A /* DropShadow.swift */; };
		3826D2131EFF3E9B00F3632A /* HeaderView.swift in Sources */ = {isa = PBXBuildFile; fileRef = 3826D2121EFF3E9B00F3632A /* HeaderView.swift */; };
		3826D2151EFF49E100F3632A /* Taco.swift in Sources */ = {isa = PBXBuildFile; fileRef = 3826D2141EFF49E100F3632A /* Taco.swift */; };
		3826D2171EFF64F900F3632A /* DataService.swift in Sources */ = {isa = PBXBuildFile; fileRef = 3826D2161EFF64F900F3632A /* DataService.swift */; };
		382F96041F01B1C200ED5E96 /* CollectionView.swift in Sources */ = {isa = PBXBuildFile; fileRef = 382F96031F01B1C200ED5E96 /* CollectionView.swift */; };
		382F96061F01B8D800ED5E96 /* TacoCell.swift in Sources */ = {isa = PBXBuildFile; fileRef = 382F96051F01B8D800ED5E96 /* TacoCell.swift */; };
		382F96081F02492100ED5E96 /* ReusableView.swift in Sources */ = {isa = PBXBuildFile; fileRef = 382F96071F02492100ED5E96 /* ReusableView.swift */; };
		382F960A1F024F0C00ED5E96 /* NibLoadableView.swift in Sources */ = {isa = PBXBuildFile; fileRef = 382F96091F024F0C00ED5E96 /* NibLoadableView.swift */; };
		382F960C1F0259DB00ED5E96 /* UICollectionView+Ext.swift in Sources */ = {isa = PBXBuildFile; fileRef = 382F960B1F0259DB00ED5E96 /* UICollectionView+Ext.swift */; };
		382F960E1F02623600ED5E96 /* MutableCollection+Ext.swift in Sources */ = {isa = PBXBuildFile; fileRef = 382F960D1F02623600ED5E96 /* MutableCollection+Ext.swift */; };
		382F96101F0265F800ED5E96 /* Shakable.swift in Sources */ = {isa = PBXBuildFile; fileRef = 382F960F1F0265F800ED5E96 /* Shakable.swift */; };
/* End PBXBuildFile section */

/* Begin PBXFileReference section */
		3826D1F31EFEF02C00F3632A /* Protocol Oriented Programming Demo.app */ = {isa = PBXFileReference; explicitFileType = wrapper.application; includeInIndex = 0; path = "Protocol Oriented Programming Demo.app"; sourceTree = BUILT_PRODUCTS_DIR; };
		3826D1F61EFEF02C00F3632A /* AppDelegate.swift */ = {isa = PBXFileReference; lastKnownFileType = sourcecode.swift; path = AppDelegate.swift; sourceTree = "<group>"; };
		3826D1FB1EFEF02C00F3632A /* Base */ = {isa = PBXFileReference; lastKnownFileType = file.storyboard; name = Base; path = Base.lproj/Main.storyboard; sourceTree = "<group>"; };
		3826D1FD1EFEF02C00F3632A /* Assets.xcassets */ = {isa = PBXFileReference; lastKnownFileType = folder.assetcatalog; path = Assets.xcassets; sourceTree = "<group>"; };
		3826D2001EFEF02C00F3632A /* Base */ = {isa = PBXFileReference; lastKnownFileType = file.storyboard; name = Base; path = Base.lproj/LaunchScreen.storyboard; sourceTree = "<group>"; };
		3826D2021EFEF02C00F3632A /* Info.plist */ = {isa = PBXFileReference; lastKnownFileType = text.plist.xml; path = Info.plist; sourceTree = "<group>"; };
		3826D20E1EFEFED300F3632A /* MainVC.swift */ = {isa = PBXFileReference; fileEncoding = 4; lastKnownFileType = sourcecode.swift; path = MainVC.swift; sourceTree = "<group>"; };
		3826D2101EFF388100F3632A /* DropShadow.swift */ = {isa = PBXFileReference; fileEncoding = 4; lastKnownFileType = sourcecode.swift; path = DropShadow.swift; sourceTree = "<group>"; };
		3826D2121EFF3E9B00F3632A /* HeaderView.swift */ = {isa = PBXFileReference; fileEncoding = 4; lastKnownFileType = sourcecode.swift; path = HeaderView.swift; sourceTree = "<group>"; };
		3826D2141EFF49E100F3632A /* Taco.swift */ = {isa = PBXFileReference; fileEncoding = 4; lastKnownFileType = sourcecode.swift; path = Taco.swift; sourceTree = "<group>"; };
		3826D2161EFF64F900F3632A /* DataService.swift */ = {isa = PBXFileReference; fileEncoding = 4; lastKnownFileType = sourcecode.swift; path = DataService.swift; sourceTree = "<group>"; };
		382F96031F01B1C200ED5E96 /* CollectionView.swift */ = {isa = PBXFileReference; fileEncoding = 4; lastKnownFileType = sourcecode.swift; path = CollectionView.swift; sourceTree = "<group>"; };
		382F96051F01B8D800ED5E96 /* TacoCell.swift */ = {isa = PBXFileReference; fileEncoding = 4; lastKnownFileType = sourcecode.swift; path = TacoCell.swift; sourceTree = "<group>"; };
		382F96071F02492100ED5E96 /* ReusableView.swift */ = {isa = PBXFileReference; fileEncoding = 4; lastKnownFileType = sourcecode.swift; path = ReusableView.swift; sourceTree = "<group>"; };
		382F96091F024F0C00ED5E96 /* NibLoadableView.swift */ = {isa = PBXFileReference; fileEncoding = 4; lastKnownFileType = sourcecode.swift; path = NibLoadableView.swift; sourceTree = "<group>"; };
		382F960B1F0259DB00ED5E96 /* UICollectionView+Ext.swift */ = {isa = PBXFileReference; fileEncoding = 4; lastKnownFileType = sourcecode.swift; path = "UICollectionView+Ext.swift"; sourceTree = "<group>"; };
		382F960D1F02623600ED5E96 /* MutableCollection+Ext.swift */ = {isa = PBXFileReference; fileEncoding = 4; lastKnownFileType = sourcecode.swift; path = "MutableCollection+Ext.swift"; sourceTree = "<group>"; };
		382F960F1F0265F800ED5E96 /* Shakable.swift */ = {isa = PBXFileReference; fileEncoding = 4; lastKnownFileType = sourcecode.swift; path = Shakable.swift; sourceTree = "<group>"; };
/* End PBXFileReference section */

/* Begin PBXFrameworksBuildPhase section */
		3826D1F01EFEF02C00F3632A /* Frameworks */ = {
			isa = PBXFrameworksBuildPhase;
			buildActionMask = 2147483647;
			files = (
			);
			runOnlyForDeploymentPostprocessing = 0;
		};
/* End PBXFrameworksBuildPhase section */

/* Begin PBXGroup section */
		3826D1EA1EFEF02C00F3632A = {
			isa = PBXGroup;
			children = (
				3826D1F51EFEF02C00F3632A /* Protocol Oriented Programming Demo */,
			);
			sourceTree = "<group>";
		};
		3826D1F41EFEF02C00F3632A /* Products */ = {
			isa = PBXGroup;
			children = (
				3826D1F31EFEF02C00F3632A /* Protocol Oriented Programming Demo.app */,
			);
			name = Products;
			path = ..;
			sourceTree = "<group>";
		};
		3826D1F51EFEF02C00F3632A /* Protocol Oriented Programming Demo */ = {
			isa = PBXGroup;
			children = (
				3826D20D1EFEF18900F3632A /* Resources */,
				3826D20C1EFEF18100F3632A /* Controller */,
				3826D20B1EFEF17800F3632A /* Extensions */,
				3826D20A1EFEF16F00F3632A /* Protocols */,
				3826D2091EFEF16900F3632A /* Model */,
				3826D2081EFEF15B00F3632A /* View */,
			);
			path = "Protocol Oriented Programming Demo";
			sourceTree = "<group>";
		};
		3826D2081EFEF15B00F3632A /* View */ = {
			isa = PBXGroup;
			children = (
				3826D1FA1EFEF02C00F3632A /* Main.storyboard */,
				3826D1FF1EFEF02C00F3632A /* LaunchScreen.storyboard */,
				3826D2121EFF3E9B00F3632A /* HeaderView.swift */,
				382F96031F01B1C200ED5E96 /* CollectionView.swift */,
				382F96051F01B8D800ED5E96 /* TacoCell.swift */,
			);
			name = View;
			sourceTree = "<group>";
		};
		3826D2091EFEF16900F3632A /* Model */ = {
			isa = PBXGroup;
			children = (
				3826D2141EFF49E100F3632A /* Taco.swift */,
				3826D2161EFF64F900F3632A /* DataService.swift */,
			);
			name = Model;
			sourceTree = "<group>";
		};
		3826D20A1EFEF16F00F3632A /* Protocols */ = {
			isa = PBXGroup;
			children = (
				3826D2101EFF388100F3632A /* DropShadow.swift */,
				382F96071F02492100ED5E96 /* ReusableView.swift */,
				382F96091F024F0C00ED5E96 /* NibLoadableView.swift */,
				382F960F1F0265F800ED5E96 /* Shakable.swift */,
			);
			name = Protocols;
			sourceTree = "<group>";
		};
		3826D20B1EFEF17800F3632A /* Extensions */ = {
			isa = PBXGroup;
			children = (
				382F960B1F0259DB00ED5E96 /* UICollectionView+Ext.swift */,
				382F960D1F02623600ED5E96 /* MutableCollection+Ext.swift */,
			);
			name = Extensions;
			sourceTree = "<group>";
		};
		3826D20C1EFEF18100F3632A /* Controller */ = {
			isa = PBXGroup;
			children = (
				3826D1F61EFEF02C00F3632A /* AppDelegate.swift */,
				3826D20E1EFEFED300F3632A /* MainVC.swift */,
			);
			name = Controller;
			sourceTree = "<group>";
		};
		3826D20D1EFEF18900F3632A /* Resources */ = {
			isa = PBXGroup;
			children = (
				3826D1F41EFEF02C00F3632A /* Products */,
				3826D1FD1EFEF02C00F3632A /* Assets.xcassets */,
				3826D2021EFEF02C00F3632A /* Info.plist */,
			);
			name = Resources;
			sourceTree = "<group>";
		};
/* End PBXGroup section */

/* Begin PBXNativeTarget section */
		3826D1F21EFEF02C00F3632A /* Protocol Oriented Programming Demo */ = {
			isa = PBXNativeTarget;
			buildConfigurationList = 3826D2051EFEF02C00F3632A /* Build configuration list for PBXNativeTarget "Protocol Oriented Programming Demo" */;
			buildPhases = (
				3826D1EF1EFEF02C00F3632A /* Sources */,
				3826D1F01EFEF02C00F3632A /* Frameworks */,
				3826D1F11EFEF02C00F3632A /* Resources */,
			);
			buildRules = (
			);
			dependencies = (
			);
			name = "Protocol Oriented Programming Demo";
			productName = "Protocol Oriented Programming Demo";
			productReference = 3826D1F31EFEF02C00F3632A /* Protocol Oriented Programming Demo.app */;
			productType = "com.apple.product-type.application";
		};
/* End PBXNativeTarget section */

/* Begin PBXProject section */
		3826D1EB1EFEF02C00F3632A /* Project object */ = {
			isa = PBXProject;
			attributes = {
				LastSwiftUpdateCheck = 0820;
				LastUpgradeCheck = 0820;
				ORGANIZATIONNAME = "Jon Lu";
				TargetAttributes = {
					3826D1F21EFEF02C00F3632A = {
						CreatedOnToolsVersion = 8.2;
						DevelopmentTeam = 8B6W3QZ9B3;
						ProvisioningStyle = Automatic;
					};
				};
			};
			buildConfigurationList = 3826D1EE1EFEF02C00F3632A /* Build configuration list for PBXProject "Protocol Oriented Programming Demo" */;
			compatibilityVersion = "Xcode 3.2";
			developmentRegion = English;
			hasScannedForEncodings = 0;
			knownRegions = (
				en,
				Base,
			);
			mainGroup = 3826D1EA1EFEF02C00F3632A;
			productRefGroup = 3826D1F41EFEF02C00F3632A /* Products */;
			projectDirPath = "";
			projectRoot = "";
			targets = (
				3826D1F21EFEF02C00F3632A /* Protocol Oriented Programming Demo */,
			);
		};
/* End PBXProject section */

/* Begin PBXResourcesBuildPhase section */
		3826D1F11EFEF02C00F3632A /* Resources */ = {
			isa = PBXResourcesBuildPhase;
			buildActionMask = 2147483647;
			files = (
				3826D2011EFEF02C00F3632A /* LaunchScreen.storyboard in Resources */,
				3826D1FE1EFEF02C00F3632A /* Assets.xcassets in Resources */,
				3826D1FC1EFEF02C00F3632A /* Main.storyboard in Resources */,
			);
			runOnlyForDeploymentPostprocessing = 0;
		};
/* End PBXResourcesBuildPhase section */

/* Begin PBXSourcesBuildPhase section */
		3826D1EF1EFEF02C00F3632A /* Sources */ = {
			isa = PBXSourcesBuildPhase;
			buildActionMask = 2147483647;
			files = (
				382F960E1F02623600ED5E96 /* MutableCollection+Ext.swift in Sources */,
				382F96081F02492100ED5E96 /* ReusableView.swift in Sources */,
				382F96061F01B8D800ED5E96 /* TacoCell.swift in Sources */,
				3826D1F71EFEF02C00F3632A /* AppDelegate.swift in Sources */,
				3826D2111EFF388200F3632A /* DropShadow.swift in Sources */,
				382F96041F01B1C200ED5E96 /* CollectionView.swift in Sources */,
				382F960C1F0259DB00ED5E96 /* UICollectionView+Ext.swift in Sources */,
				3826D20F1EFEFED300F3632A /* MainVC.swift in Sources */,
				382F96101F0265F800ED5E96 /* Shakable.swift in Sources */,
				382F960A1F024F0C00ED5E96 /* NibLoadableView.swift in Sources */,
				3826D2171EFF64F900F3632A /* DataService.swift in Sources */,
				3826D2151EFF49E100F3632A /* Taco.swift in Sources */,
				3826D2131EFF3E9B00F3632A /* HeaderView.swift in Sources */,
			);
			runOnlyForDeploymentPostprocessing = 0;
		};
/* End PBXSourcesBuildPhase section */

/* Begin PBXVariantGroup section */
		3826D1FA1EFEF02C00F3632A /* Main.storyboard */ = {
			isa = PBXVariantGroup;
			children = (
				3826D1FB1EFEF02C00F3632A /* Base */,
			);
			name = Main.storyboard;
			sourceTree = "<group>";
		};
		3826D1FF1EFEF02C00F3632A /* LaunchScreen.storyboard */ = {
			isa = PBXVariantGroup;
			children = (
				3826D2001EFEF02C00F3632A /* Base */,
			);
			name = LaunchScreen.storyboard;
			sourceTree = "<group>";
		};
/* End PBXVariantGroup section */

/* Begin XCBuildConfiguration section */
		3826D2031EFEF02C00F3632A /* Debug */ = {
			isa = XCBuildConfiguration;
			buildSettings = {
				ALWAYS_SEARCH_USER_PATHS = NO;
				CLANG_ANALYZER_NONNULL = YES;
				CLANG_CXX_LANGUAGE_STANDARD = "gnu++0x";
				CLANG_CXX_LIBRARY = "libc++";
				CLANG_ENABLE_MODULES = YES;
				CLANG_ENABLE_OBJC_ARC = YES;
				CLANG_WARN_BOOL_CONVERSION = YES;
				CLANG_WARN_CONSTANT_CONVERSION = YES;
				CLANG_WARN_DIRECT_OBJC_ISA_USAGE = YES_ERROR;
				CLANG_WARN_DOCUMENTATION_COMMENTS = YES;
				CLANG_WARN_EMPTY_BODY = YES;
				CLANG_WARN_ENUM_CONVERSION = YES;
				CLANG_WARN_INFINITE_RECURSION = YES;
				CLANG_WARN_INT_CONVERSION = YES;
				CLANG_WARN_OBJC_ROOT_CLASS = YES_ERROR;
				CLANG_WARN_SUSPICIOUS_MOVE = YES;
				CLANG_WARN_UNREACHABLE_CODE = YES;
				CLANG_WARN__DUPLICATE_METHOD_MATCH = YES;
				"CODE_SIGN_IDENTITY[sdk=iphoneos*]" = "iPhone Developer";
				COPY_PHASE_STRIP = NO;
				DEBUG_INFORMATION_FORMAT = dwarf;
				ENABLE_STRICT_OBJC_MSGSEND = YES;
				ENABLE_TESTABILITY = YES;
				GCC_C_LANGUAGE_STANDARD = gnu99;
				GCC_DYNAMIC_NO_PIC = NO;
				GCC_NO_COMMON_BLOCKS = YES;
				GCC_OPTIMIZATION_LEVEL = 0;
				GCC_PREPROCESSOR_DEFINITIONS = (
					"DEBUG=1",
					"$(inherited)",
				);
				GCC_WARN_64_TO_32_BIT_CONVERSION = YES;
				GCC_WARN_ABOUT_RETURN_TYPE = YES_ERROR;
				GCC_WARN_UNDECLARED_SELECTOR = YES;
				GCC_WARN_UNINITIALIZED_AUTOS = YES_AGGRESSIVE;
				GCC_WARN_UNUSED_FUNCTION = YES;
				GCC_WARN_UNUSED_VARIABLE = YES;
				IPHONEOS_DEPLOYMENT_TARGET = 10.2;
				MTL_ENABLE_DEBUG_INFO = YES;
				ONLY_ACTIVE_ARCH = YES;
				SDKROOT = iphoneos;
				SWIFT_ACTIVE_COMPILATION_CONDITIONS = DEBUG;
				SWIFT_OPTIMIZATION_LEVEL = "-Onone";
			};
			name = Debug;
		};
		3826D2041EFEF02C00F3632A /* Release */ = {
			isa = XCBuildConfiguration;
			buildSettings = {
				ALWAYS_SEARCH_USER_PATHS = NO;
				CLANG_ANALYZER_NONNULL = YES;
				CLANG_CXX_LANGUAGE_STANDARD = "gnu++0x";
				CLANG_CXX_LIBRARY = "libc++";
				CLANG_ENABLE_MODULES = YES;
				CLANG_ENABLE_OBJC_ARC = YES;
				CLANG_WARN_BOOL_CONVERSION = YES;
				CLANG_WARN_CONSTANT_CONVERSION = YES;
				CLANG_WARN_DIRECT_OBJC_ISA_USAGE = YES_ERROR;
				CLANG_WARN_DOCUMENTATION_COMMENTS = YES;
				CLANG_WARN_EMPTY_BODY = YES;
				CLANG_WARN_ENUM_CONVERSION = YES;
				CLANG_WARN_INFINITE_RECURSION = YES;
				CLANG_WARN_INT_CONVERSION = YES;
				CLANG_WARN_OBJC_ROOT_CLASS = YES_ERROR;
				CLANG_WARN_SUSPICIOUS_MOVE = YES;
				CLANG_WARN_UNREACHABLE_CODE = YES;
				CLANG_WARN__DUPLICATE_METHOD_MATCH = YES;
				"CODE_SIGN_IDENTITY[sdk=iphoneos*]" = "iPhone Developer";
				COPY_PHASE_STRIP = NO;
				DEBUG_INFORMATION_FORMAT = "dwarf-with-dsym";
				ENABLE_NS_ASSERTIONS = NO;
				ENABLE_STRICT_OBJC_MSGSEND = YES;
				GCC_C_LANGUAGE_STANDARD = gnu99;
				GCC_NO_COMMON_BLOCKS = YES;
				GCC_WARN_64_TO_32_BIT_CONVERSION = YES;
				GCC_WARN_ABOUT_RETURN_TYPE = YES_ERROR;
				GCC_WARN_UNDECLARED_SELECTOR = YES;
				GCC_WARN_UNINITIALIZED_AUTOS = YES_AGGRESSIVE;
				GCC_WARN_UNUSED_FUNCTION = YES;
				GCC_WARN_UNUSED_VARIABLE = YES;
				IPHONEOS_DEPLOYMENT_TARGET = 10.2;
				MTL_ENABLE_DEBUG_INFO = NO;
				SDKROOT = iphoneos;
				SWIFT_OPTIMIZATION_LEVEL = "-Owholemodule";
				VALIDATE_PRODUCT = YES;
			};
			name = Release;
		};
		3826D2061EFEF02C00F3632A /* Debug */ = {
			isa = XCBuildConfiguration;
			buildSettings = {
				ASSETCATALOG_COMPILER_APPICON_NAME = AppIcon;
				DEVELOPMENT_TEAM = 8B6W3QZ9B3;
				INFOPLIST_FILE = "Protocol Oriented Programming Demo/Info.plist";
				LD_RUNPATH_SEARCH_PATHS = "$(inherited) @executable_path/Frameworks";
				PRODUCT_BUNDLE_IDENTIFIER = "Instruction.Protocol-Oriented-Programming-Demo";
				PRODUCT_NAME = "$(TARGET_NAME)";
				SWIFT_VERSION = 3.0;
			};
			name = Debug;
		};
		3826D2071EFEF02C00F3632A /* Release */ = {
			isa = XCBuildConfiguration;
			buildSettings = {
				ASSETCATALOG_COMPILER_APPICON_NAME = AppIcon;
				DEVELOPMENT_TEAM = 8B6W3QZ9B3;
				INFOPLIST_FILE = "Protocol Oriented Programming Demo/Info.plist";
				LD_RUNPATH_SEARCH_PATHS = "$(inherited) @executable_path/Frameworks";
				PRODUCT_BUNDLE_IDENTIFIER = "Instruction.Protocol-Oriented-Programming-Demo";
				PRODUCT_NAME = "$(TARGET_NAME)";
				SWIFT_VERSION = 3.0;
			};
			name = Release;
		};
/* End XCBuildConfiguration section */

/* Begin XCConfigurationList section */
		3826D1EE1EFEF02C00F3632A /* Build configuration list for PBXProject "Protocol Oriented Programming Demo" */ = {
			isa = XCConfigurationList;
			buildConfigurations = (
				3826D2031EFEF02C00F3632A /* Debug */,
				3826D2041EFEF02C00F3632A /* Release */,
			);
			defaultConfigurationIsVisible = 0;
			defaultConfigurationName = Release;
		};
		3826D2051EFEF02C00F3632A /* Build configuration list for PBXNativeTarget "Protocol Oriented Programming Demo" */ = {
			isa = XCConfigurationList;
			buildConfigurations = (
				3826D2061EFEF02C00F3632A /* Debug */,
				3826D2071EFEF02C00F3632A /* Release */,
			);
			defaultConfigurationIsVisible = 0;
			defaultConfigurationName = Release;
		};
/* End XCConfigurationList section */
	};
	rootObject = 3826D1EB1EFEF02C00F3632A /* Project object */;
}
